
Microsoft Visual Studio Solution File, Format Version 9.00
# Visual Studio 2005
Project("{F184B08F-C81C-45F6-A57F-5ABD9991F28F}") = "pardis2", "pardis2.vbproj", "{61641840-23D1-49DA-A66A-D638A4800723}"
EndProject
Project("{54435603-DBB4-11D2-8724-00A0C9A8B90C}") = "pardisMSI", "..\pardisMSI\pardisMSI.vdproj", "{F8D45ECF-F682-4D43-94ED-061DF9799E71}"
EndProject
Global
	GlobalSection(SolutionConfigurationPlatforms) = preSolution
		Debug|Any CPU = Debug|Any CPU
		Debug|x86 = Debug|x86
		Release|Any CPU = Release|Any CPU
		Release|x86 = Release|x86
	EndGlobalSection
	GlobalSection(ProjectConfigurationPlatforms) = postSolution
		{61641840-23D1-49DA-A66A-D638A4800723}.Debug|Any CPU.ActiveCfg = Debug|Any CPU
		{61641840-23D1-49DA-A66A-D638A4800723}.Debug|Any CPU.Build.0 = Debug|Any CPU
		{61641840-23D1-49DA-A66A-D638A4800723}.Debug|x86.ActiveCfg = Debug|Any CPU
		{61641840-23D1-49DA-A66A-D638A4800723}.Debug|x86.Build.0 = Debug|Any CPU
		{61641840-23D1-49DA-A66A-D638A4800723}.Release|Any CPU.ActiveCfg = Release|Any CPU
		{61641840-23D1-49DA-A66A-D638A4800723}.Release|Any CPU.Build.0 = Release|Any CPU
		{61641840-23D1-49DA-A66A-D638A4800723}.Release|x86.ActiveCfg = Release|x86
		{61641840-23D1-49DA-A66A-D638A4800723}.Release|x86.Build.0 = Release|x86
		{F8D45ECF-F682-4D43-94ED-061DF9799E71}.Debug|Any CPU.ActiveCfg = Debug
		{F8D45ECF-F682-4D43-94ED-061DF9799E71}.Debug|x86.ActiveCfg = Debug
		{F8D45ECF-F682-4D43-94ED-061DF9799E71}.Debug|x86.Build.0 = Debug
		{F8D45ECF-F682-4D43-94ED-061DF9799E71}.Release|Any CPU.ActiveCfg = Release
		{F8D45ECF-F682-4D43-94ED-061DF9799E71}.Release|x86.ActiveCfg = Release
		{F8D45ECF-F682-4D43-94ED-061DF9799E71}.Release|x86.Build.0 = Release
	EndGlobalSection
	GlobalSection(SolutionProperties) = preSolution
		HideSolutionNode = FALSE
	EndGlobalSection
EndGlobal
